// !$*UTF8*$!
{
	archiveVersion = 1;
	classes = {
	};
	objectVersion = 52;
	objects = {

/* Begin PBXBuildFile section */
		693AFBE326F350ED0031C283 /* Extension.swift in Sources */ = {isa = PBXBuildFile; fileRef = 693AFBE226F350ED0031C283 /* Extension.swift */; };
		694A8BCF26EFBAC500B57352 /* AppDelegate.swift in Sources */ = {isa = PBXBuildFile; fileRef = 694A8BCE26EFBAC500B57352 /* AppDelegate.swift */; };
		694A8BD326EFBAC500B57352 /* LaunchViewController.swift in Sources */ = {isa = PBXBuildFile; fileRef = 694A8BD226EFBAC500B57352 /* LaunchViewController.swift */; };
		694A8BD626EFBAC500B57352 /* Main.storyboard in Resources */ = {isa = PBXBuildFile; fileRef = 694A8BD426EFBAC500B57352 /* Main.storyboard */; };
		694A8BD826EFBAC700B57352 /* Assets.xcassets in Resources */ = {isa = PBXBuildFile; fileRef = 694A8BD726EFBAC700B57352 /* Assets.xcassets */; };
		694A8BDB26EFBAC700B57352 /* LaunchScreen.storyboard in Resources */ = {isa = PBXBuildFile; fileRef = 694A8BD926EFBAC700B57352 /* LaunchScreen.storyboard */; };
		694A8BE726EFBF7C00B57352 /* APIKey.swift in Sources */ = {isa = PBXBuildFile; fileRef = 694A8BE626EFBF7C00B57352 /* APIKey.swift */; };
		694A8BEA26EFC23300B57352 /* Alamofire in Frameworks */ = {isa = PBXBuildFile; productRef = 694A8BE926EFC23300B57352 /* Alamofire */; };
		694A8BEC26EFC33900B57352 /* README.md in Resources */ = {isa = PBXBuildFile; fileRef = 694A8BEB26EFC33900B57352 /* README.md */; };
		694A8BEE26EFC45800B57352 /* LaunchElement.swift in Sources */ = {isa = PBXBuildFile; fileRef = 694A8BED26EFC45800B57352 /* LaunchElement.swift */; };
		694A8BF026EFC50E00B57352 /* APIManager.swift in Sources */ = {isa = PBXBuildFile; fileRef = 694A8BEF26EFC50E00B57352 /* APIManager.swift */; };
		694A8BF226EFC51F00B57352 /* APIConnector.swift in Sources */ = {isa = PBXBuildFile; fileRef = 694A8BF126EFC51F00B57352 /* APIConnector.swift */; };
		694A8BF426EFC59A00B57352 /* APIErrors.swift in Sources */ = {isa = PBXBuildFile; fileRef = 694A8BF326EFC59A00B57352 /* APIErrors.swift */; };
		694A8C1826EFD9F900B57352 /* SceneDelegate.swift in Sources */ = {isa = PBXBuildFile; fileRef = 694A8C1726EFD9F800B57352 /* SceneDelegate.swift */; };
		694A8C1A26EFDC3400B57352 /* LaunchCell.xib in Resources */ = {isa = PBXBuildFile; fileRef = 694A8C1926EFDC3400B57352 /* LaunchCell.xib */; };
		694A8C1C26F0AD5600B57352 /* LaunchCell.swift in Sources */ = {isa = PBXBuildFile; fileRef = 694A8C1B26F0AD5600B57352 /* LaunchCell.swift */; };
		698E8A3A26F3E6A500BB174F /* SortCell.swift in Sources */ = {isa = PBXBuildFile; fileRef = 698E8A3926F3E6A500BB174F /* SortCell.swift */; };
		699939AE26F3B91300196942 /* SortViewController.swift in Sources */ = {isa = PBXBuildFile; fileRef = 699939AD26F3B91300196942 /* SortViewController.swift */; };
		69B6975B26F127BF0007BE9D /* AlamofireImage in Frameworks */ = {isa = PBXBuildFile; productRef = 69B6975A26F127BF0007BE9D /* AlamofireImage */; };
		69FF3AA726F3DA89000D2B10 /* SortCell.xib in Resources */ = {isa = PBXBuildFile; fileRef = 69FF3AA626F3DA89000D2B10 /* SortCell.xib */; };
/* End PBXBuildFile section */

/* Begin PBXFileReference section */
		693AFBE226F350ED0031C283 /* Extension.swift */ = {isa = PBXFileReference; lastKnownFileType = sourcecode.swift; path = Extension.swift; sourceTree = "<group>"; };
		694A8BCB26EFBAC500B57352 /* voyageOfElon.app */ = {isa = PBXFileReference; explicitFileType = wrapper.application; includeInIndex = 0; path = voyageOfElon.app; sourceTree = BUILT_PRODUCTS_DIR; };
		694A8BCE26EFBAC500B57352 /* AppDelegate.swift */ = {isa = PBXFileReference; lastKnownFileType = sourcecode.swift; path = AppDelegate.swift; sourceTree = "<group>"; };
		694A8BD226EFBAC500B57352 /* LaunchViewController.swift */ = {isa = PBXFileReference; lastKnownFileType = sourcecode.swift; path = LaunchViewController.swift; sourceTree = "<group>"; };
		694A8BD526EFBAC500B57352 /* Base */ = {isa = PBXFileReference; lastKnownFileType = file.storyboard; name = Base; path = Base.lproj/Main.storyboard; sourceTree = "<group>"; };
		694A8BD726EFBAC700B57352 /* Assets.xcassets */ = {isa = PBXFileReference; lastKnownFileType = folder.assetcatalog; path = Assets.xcassets; sourceTree = "<group>"; };
		694A8BDA26EFBAC700B57352 /* Base */ = {isa = PBXFileReference; lastKnownFileType = file.storyboard; name = Base; path = Base.lproj/LaunchScreen.storyboard; sourceTree = "<group>"; };
		694A8BDC26EFBAC700B57352 /* Info.plist */ = {isa = PBXFileReference; lastKnownFileType = text.plist.xml; path = Info.plist; sourceTree = "<group>"; };
		694A8BE626EFBF7C00B57352 /* APIKey.swift */ = {isa = PBXFileReference; lastKnownFileType = sourcecode.swift; path = APIKey.swift; sourceTree = "<group>"; };
		694A8BEB26EFC33900B57352 /* README.md */ = {isa = PBXFileReference; fileEncoding = 4; lastKnownFileType = net.daringfireball.markdown; path = README.md; sourceTree = "<group>"; };
		694A8BED26EFC45800B57352 /* LaunchElement.swift */ = {isa = PBXFileReference; lastKnownFileType = sourcecode.swift; path = LaunchElement.swift; sourceTree = "<group>"; };
		694A8BEF26EFC50E00B57352 /* APIManager.swift */ = {isa = PBXFileReference; lastKnownFileType = sourcecode.swift; path = APIManager.swift; sourceTree = "<group>"; };
		694A8BF126EFC51F00B57352 /* APIConnector.swift */ = {isa = PBXFileReference; lastKnownFileType = sourcecode.swift; path = APIConnector.swift; sourceTree = "<group>"; };
		694A8BF326EFC59A00B57352 /* APIErrors.swift */ = {isa = PBXFileReference; lastKnownFileType = sourcecode.swift; path = APIErrors.swift; sourceTree = "<group>"; };
		694A8C1726EFD9F800B57352 /* SceneDelegate.swift */ = {isa = PBXFileReference; fileEncoding = 4; lastKnownFileType = sourcecode.swift; path = SceneDelegate.swift; sourceTree = "<group>"; };
		694A8C1926EFDC3400B57352 /* LaunchCell.xib */ = {isa = PBXFileReference; lastKnownFileType = file.xib; path = LaunchCell.xib; sourceTree = "<group>"; };
		694A8C1B26F0AD5600B57352 /* LaunchCell.swift */ = {isa = PBXFileReference; lastKnownFileType = sourcecode.swift; path = LaunchCell.swift; sourceTree = "<group>"; };
		698E8A3926F3E6A500BB174F /* SortCell.swift */ = {isa = PBXFileReference; lastKnownFileType = sourcecode.swift; path = SortCell.swift; sourceTree = "<group>"; };
		699939AD26F3B91300196942 /* SortViewController.swift */ = {isa = PBXFileReference; lastKnownFileType = sourcecode.swift; path = SortViewController.swift; sourceTree = "<group>"; };
		69FF3AA626F3DA89000D2B10 /* SortCell.xib */ = {isa = PBXFileReference; lastKnownFileType = file.xib; path = SortCell.xib; sourceTree = "<group>"; };
/* End PBXFileReference section */

/* Begin PBXFrameworksBuildPhase section */
		694A8BC826EFBAC500B57352 /* Frameworks */ = {
			isa = PBXFrameworksBuildPhase;
			buildActionMask = 2147483647;
			files = (
				694A8BEA26EFC23300B57352 /* Alamofire in Frameworks */,
				69B6975B26F127BF0007BE9D /* AlamofireImage in Frameworks */,
			);
			runOnlyForDeploymentPostprocessing = 0;
		};
/* End PBXFrameworksBuildPhase section */

/* Begin PBXGroup section */
		694A8BC226EFBAC400B57352 = {
			isa = PBXGroup;
			children = (
				694A8BEB26EFC33900B57352 /* README.md */,
				694A8BCD26EFBAC500B57352 /* voyageOfElon */,
				694A8BCC26EFBAC500B57352 /* Products */,
			);
			sourceTree = "<group>";
		};
		694A8BCC26EFBAC500B57352 /* Products */ = {
			isa = PBXGroup;
			children = (
				694A8BCB26EFBAC500B57352 /* voyageOfElon.app */,
			);
			name = Products;
			sourceTree = "<group>";
		};
		694A8BCD26EFBAC500B57352 /* voyageOfElon */ = {
			isa = PBXGroup;
			children = (
				694A8BCE26EFBAC500B57352 /* AppDelegate.swift */,
				694A8C1726EFD9F800B57352 /* SceneDelegate.swift */,
				694A8BE226EFBAE200B57352 /* Model */,
				694A8BE326EFBAEF00B57352 /* View */,
				694A8BE426EFBAF800B57352 /* Contreoller */,
				694A8BE526EFBB0B00B57352 /* Support */,
				694A8BE626EFBF7C00B57352 /* APIKey.swift */,
			);
			path = voyageOfElon;
			sourceTree = "<group>";
		};
		694A8BE226EFBAE200B57352 /* Model */ = {
			isa = PBXGroup;
			children = (
				694A8BED26EFC45800B57352 /* LaunchElement.swift */,
				694A8BEF26EFC50E00B57352 /* APIManager.swift */,
				694A8BF126EFC51F00B57352 /* APIConnector.swift */,
				694A8BF326EFC59A00B57352 /* APIErrors.swift */,
				693AFBE226F350ED0031C283 /* Extension.swift */,
			);
			path = Model;
			sourceTree = "<group>";
		};
		694A8BE326EFBAEF00B57352 /* View */ = {
			isa = PBXGroup;
			children = (
				69FF3AA626F3DA89000D2B10 /* SortCell.xib */,
				694A8C1926EFDC3400B57352 /* LaunchCell.xib */,
				694A8C1B26F0AD5600B57352 /* LaunchCell.swift */,
				698E8A3926F3E6A500BB174F /* SortCell.swift */,
			);
			path = View;
			sourceTree = "<group>";
		};
		694A8BE426EFBAF800B57352 /* Contreoller */ = {
			isa = PBXGroup;
			children = (
				694A8BD226EFBAC500B57352 /* LaunchViewController.swift */,
				699939AD26F3B91300196942 /* SortViewController.swift */,
			);
			path = Contreoller;
			sourceTree = "<group>";
		};
		694A8BE526EFBB0B00B57352 /* Support */ = {
			isa = PBXGroup;
			children = (
				694A8BD426EFBAC500B57352 /* Main.storyboard */,
				694A8BD926EFBAC700B57352 /* LaunchScreen.storyboard */,
				694A8BD726EFBAC700B57352 /* Assets.xcassets */,
				694A8BDC26EFBAC700B57352 /* Info.plist */,
			);
			path = Support;
			sourceTree = "<group>";
		};
/* End PBXGroup section */

/* Begin PBXNativeTarget section */
		694A8BCA26EFBAC500B57352 /* voyageOfElon */ = {
			isa = PBXNativeTarget;
			buildConfigurationList = 694A8BDF26EFBAC700B57352 /* Build configuration list for PBXNativeTarget "voyageOfElon" */;
			buildPhases = (
				694A8BC726EFBAC500B57352 /* Sources */,
				694A8BC826EFBAC500B57352 /* Frameworks */,
				694A8BC926EFBAC500B57352 /* Resources */,
			);
			buildRules = (
			);
			dependencies = (
			);
			name = voyageOfElon;
			packageProductDependencies = (
				694A8BE926EFC23300B57352 /* Alamofire */,
				69B6975A26F127BF0007BE9D /* AlamofireImage */,
			);
			productName = voyageOfElon;
			productReference = 694A8BCB26EFBAC500B57352 /* voyageOfElon.app */;
			productType = "com.apple.product-type.application";
		};
/* End PBXNativeTarget section */

/* Begin PBXProject section */
		694A8BC326EFBAC400B57352 /* Project object */ = {
			isa = PBXProject;
			attributes = {
				LastSwiftUpdateCheck = 1250;
				LastUpgradeCheck = 1250;
				TargetAttributes = {
					694A8BCA26EFBAC500B57352 = {
						CreatedOnToolsVersion = 12.5.1;
					};
				};
			};
			buildConfigurationList = 694A8BC626EFBAC400B57352 /* Build configuration list for PBXProject "voyageOfElon" */;
			compatibilityVersion = "Xcode 9.3";
			developmentRegion = en;
			hasScannedForEncodings = 0;
			knownRegions = (
				en,
				Base,
			);
			mainGroup = 694A8BC226EFBAC400B57352;
			packageReferences = (
				694A8BE826EFC23300B57352 /* XCRemoteSwiftPackageReference "Alamofire" */,
				69B6975926F127BF0007BE9D /* XCRemoteSwiftPackageReference "AlamofireImage" */,
			);
			productRefGroup = 694A8BCC26EFBAC500B57352 /* Products */;
			projectDirPath = "";
			projectRoot = "";
			targets = (
				694A8BCA26EFBAC500B57352 /* voyageOfElon */,
			);
		};
/* End PBXProject section */

/* Begin PBXResourcesBuildPhase section */
		694A8BC926EFBAC500B57352 /* Resources */ = {
			isa = PBXResourcesBuildPhase;
			buildActionMask = 2147483647;
			files = (
				694A8BDB26EFBAC700B57352 /* LaunchScreen.storyboard in Resources */,
				694A8BD826EFBAC700B57352 /* Assets.xcassets in Resources */,
				694A8C1A26EFDC3400B57352 /* LaunchCell.xib in Resources */,
				694A8BEC26EFC33900B57352 /* README.md in Resources */,
				694A8BD626EFBAC500B57352 /* Main.storyboard in Resources */,
				69FF3AA726F3DA89000D2B10 /* SortCell.xib in Resources */,
			);
			runOnlyForDeploymentPostprocessing = 0;
		};
/* End PBXResourcesBuildPhase section */

/* Begin PBXSourcesBuildPhase section */
		694A8BC726EFBAC500B57352 /* Sources */ = {
			isa = PBXSourcesBuildPhase;
			buildActionMask = 2147483647;
			files = (
				694A8BEE26EFC45800B57352 /* LaunchElement.swift in Sources */,
				698E8A3A26F3E6A500BB174F /* SortCell.swift in Sources */,
				694A8BF426EFC59A00B57352 /* APIErrors.swift in Sources */,
				694A8C1826EFD9F900B57352 /* SceneDelegate.swift in Sources */,
				694A8BD326EFBAC500B57352 /* LaunchViewController.swift in Sources */,
				694A8BF226EFC51F00B57352 /* APIConnector.swift in Sources */,
				693AFBE326F350ED0031C283 /* Extension.swift in Sources */,
				699939AE26F3B91300196942 /* SortViewController.swift in Sources */,
				694A8BF026EFC50E00B57352 /* APIManager.swift in Sources */,
				694A8BCF26EFBAC500B57352 /* AppDelegate.swift in Sources */,
				694A8BE726EFBF7C00B57352 /* APIKey.swift in Sources */,
				694A8C1C26F0AD5600B57352 /* LaunchCell.swift in Sources */,
			);
			runOnlyForDeploymentPostprocessing = 0;
		};
/* End PBXSourcesBuildPhase section */

/* Begin PBXVariantGroup section */
		694A8BD426EFBAC500B57352 /* Main.storyboard */ = {
			isa = PBXVariantGroup;
			children = (
				694A8BD526EFBAC500B57352 /* Base */,
			);
			name = Main.storyboard;
			sourceTree = "<group>";
		};
		694A8BD926EFBAC700B57352 /* LaunchScreen.storyboard */ = {
			isa = PBXVariantGroup;
			children = (
				694A8BDA26EFBAC700B57352 /* Base */,
			);
			name = LaunchScreen.storyboard;
			sourceTree = "<group>";
		};
/* End PBXVariantGroup section */

/* Begin XCBuildConfiguration section */
		694A8BDD26EFBAC700B57352 /* Debug */ = {
			isa = XCBuildConfiguration;
			buildSettings = {
				ALWAYS_SEARCH_USER_PATHS = NO;
				CLANG_ANALYZER_NONNULL = YES;
				CLANG_ANALYZER_NUMBER_OBJECT_CONVERSION = YES_AGGRESSIVE;
				CLANG_CXX_LANGUAGE_STANDARD = "gnu++14";
				CLANG_CXX_LIBRARY = "libc++";
				CLANG_ENABLE_MODULES = YES;
				CLANG_ENABLE_OBJC_ARC = YES;
				CLANG_ENABLE_OBJC_WEAK = YES;
				CLANG_WARN_BLOCK_CAPTURE_AUTORELEASING = YES;
				CLANG_WARN_BOOL_CONVERSION = YES;
				CLANG_WARN_COMMA = YES;
				CLANG_WARN_CONSTANT_CONVERSION = YES;
				CLANG_WARN_DEPRECATED_OBJC_IMPLEMENTATIONS = YES;
				CLANG_WARN_DIRECT_OBJC_ISA_USAGE = YES_ERROR;
				CLANG_WARN_DOCUMENTATION_COMMENTS = YES;
				CLANG_WARN_EMPTY_BODY = YES;
				CLANG_WARN_ENUM_CONVERSION = YES;
				CLANG_WARN_INFINITE_RECURSION = YES;
				CLANG_WARN_INT_CONVERSION = YES;
				CLANG_WARN_NON_LITERAL_NULL_CONVERSION = YES;
				CLANG_WARN_OBJC_IMPLICIT_RETAIN_SELF = YES;
				CLANG_WARN_OBJC_LITERAL_CONVERSION = YES;
				CLANG_WARN_OBJC_ROOT_CLASS = YES_ERROR;
				CLANG_WARN_QUOTED_INCLUDE_IN_FRAMEWORK_HEADER = YES;
				CLANG_WARN_RANGE_LOOP_ANALYSIS = YES;
				CLANG_WARN_STRICT_PROTOTYPES = YES;
				CLANG_WARN_SUSPICIOUS_MOVE = YES;
				CLANG_WARN_UNGUARDED_AVAILABILITY = YES_AGGRESSIVE;
				CLANG_WARN_UNREACHABLE_CODE = YES;
				CLANG_WARN__DUPLICATE_METHOD_MATCH = YES;
				COPY_PHASE_STRIP = NO;
				DEBUG_INFORMATION_FORMAT = dwarf;
				ENABLE_STRICT_OBJC_MSGSEND = YES;
				ENABLE_TESTABILITY = YES;
				GCC_C_LANGUAGE_STANDARD = gnu11;
				GCC_DYNAMIC_NO_PIC = NO;
				GCC_NO_COMMON_BLOCKS = YES;
				GCC_OPTIMIZATION_LEVEL = 0;
				GCC_PREPROCESSOR_DEFINITIONS = (
					"DEBUG=1",
					"$(inherited)",
				);
				GCC_WARN_64_TO_32_BIT_CONVERSION = YES;
				GCC_WARN_ABOUT_RETURN_TYPE = YES_ERROR;
				GCC_WARN_UNDECLARED_SELECTOR = YES;
				GCC_WARN_UNINITIALIZED_AUTOS = YES_AGGRESSIVE;
				GCC_WARN_UNUSED_FUNCTION = YES;
				GCC_WARN_UNUSED_VARIABLE = YES;
				IPHONEOS_DEPLOYMENT_TARGET = 14.5;
				MTL_ENABLE_DEBUG_INFO = INCLUDE_SOURCE;
				MTL_FAST_MATH = YES;
				ONLY_ACTIVE_ARCH = YES;
				SDKROOT = iphoneos;
				SWIFT_ACTIVE_COMPILATION_CONDITIONS = DEBUG;
				SWIFT_OPTIMIZATION_LEVEL = "-Onone";
			};
			name = Debug;
		};
		694A8BDE26EFBAC700B57352 /* Release */ = {
			isa = XCBuildConfiguration;
			buildSettings = {
				ALWAYS_SEARCH_USER_PATHS = NO;
				CLANG_ANALYZER_NONNULL = YES;
				CLANG_ANALYZER_NUMBER_OBJECT_CONVERSION = YES_AGGRESSIVE;
				CLANG_CXX_LANGUAGE_STANDARD = "gnu++14";
				CLANG_CXX_LIBRARY = "libc++";
				CLANG_ENABLE_MODULES = YES;
				CLANG_ENABLE_OBJC_ARC = YES;
				CLANG_ENABLE_OBJC_WEAK = YES;
				CLANG_WARN_BLOCK_CAPTURE_AUTORELEASING = YES;
				CLANG_WARN_BOOL_CONVERSION = YES;
				CLANG_WARN_COMMA = YES;
				CLANG_WARN_CONSTANT_CONVERSION = YES;
				CLANG_WARN_DEPRECATED_OBJC_IMPLEMENTATIONS = YES;
				CLANG_WARN_DIRECT_OBJC_ISA_USAGE = YES_ERROR;
				CLANG_WARN_DOCUMENTATION_COMMENTS = YES;
				CLANG_WARN_EMPTY_BODY = YES;
				CLANG_WARN_ENUM_CONVERSION = YES;
				CLANG_WARN_INFINITE_RECURSION = YES;
				CLANG_WARN_INT_CONVERSION = YES;
				CLANG_WARN_NON_LITERAL_NULL_CONVERSION = YES;
				CLANG_WARN_OBJC_IMPLICIT_RETAIN_SELF = YES;
				CLANG_WARN_OBJC_LITERAL_CONVERSION = YES;
				CLANG_WARN_OBJC_ROOT_CLASS = YES_ERROR;
				CLANG_WARN_QUOTED_INCLUDE_IN_FRAMEWORK_HEADER = YES;
				CLANG_WARN_RANGE_LOOP_ANALYSIS = YES;
				CLANG_WARN_STRICT_PROTOTYPES = YES;
				CLANG_WARN_SUSPICIOUS_MOVE = YES;
				CLANG_WARN_UNGUARDED_AVAILABILITY = YES_AGGRESSIVE;
				CLANG_WARN_UNREACHABLE_CODE = YES;
				CLANG_WARN__DUPLICATE_METHOD_MATCH = YES;
				COPY_PHASE_STRIP = NO;
				DEBUG_INFORMATION_FORMAT = "dwarf-with-dsym";
				ENABLE_NS_ASSERTIONS = NO;
				ENABLE_STRICT_OBJC_MSGSEND = YES;
				GCC_C_LANGUAGE_STANDARD = gnu11;
				GCC_NO_COMMON_BLOCKS = YES;
				GCC_WARN_64_TO_32_BIT_CONVERSION = YES;
				GCC_WARN_ABOUT_RETURN_TYPE = YES_ERROR;
				GCC_WARN_UNDECLARED_SELECTOR = YES;
				GCC_WARN_UNINITIALIZED_AUTOS = YES_AGGRESSIVE;
				GCC_WARN_UNUSED_FUNCTION = YES;
				GCC_WARN_UNUSED_VARIABLE = YES;
				IPHONEOS_DEPLOYMENT_TARGET = 14.5;
				MTL_ENABLE_DEBUG_INFO = NO;
				MTL_FAST_MATH = YES;
				SDKROOT = iphoneos;
				SWIFT_COMPILATION_MODE = wholemodule;
				SWIFT_OPTIMIZATION_LEVEL = "-O";
				VALIDATE_PRODUCT = YES;
			};
			name = Release;
		};
		694A8BE026EFBAC700B57352 /* Debug */ = {
			isa = XCBuildConfiguration;
			buildSettings = {
				ASSETCATALOG_COMPILER_APPICON_NAME = AppIcon;
				ASSETCATALOG_COMPILER_GLOBAL_ACCENT_COLOR_NAME = AccentColor;
				CODE_SIGN_STYLE = Automatic;
				DEVELOPMENT_TEAM = EC26TMBN8M;
				INFOPLIST_FILE = "$(SRCROOT)/voyageOfElon/Support/Info.plist";
				LD_RUNPATH_SEARCH_PATHS = (
					"$(inherited)",
					"@executable_path/Frameworks",
				);
				PRODUCT_BUNDLE_IDENTIFIER = jbapp.voyageOfElon;
				PRODUCT_NAME = "$(TARGET_NAME)";
				SWIFT_VERSION = 5.0;
				TARGETED_DEVICE_FAMILY = 1;
			};
			name = Debug;
		};
		694A8BE126EFBAC700B57352 /* Release */ = {
			isa = XCBuildConfiguration;
			buildSettings = {
				ASSETCATALOG_COMPILER_APPICON_NAME = AppIcon;
				ASSETCATALOG_COMPILER_GLOBAL_ACCENT_COLOR_NAME = AccentColor;
				CODE_SIGN_STYLE = Automatic;
				DEVELOPMENT_TEAM = EC26TMBN8M;
				INFOPLIST_FILE = "$(SRCROOT)/voyageOfElon/Support/Info.plist";
				LD_RUNPATH_SEARCH_PATHS = (
					"$(inherited)",
					"@executable_path/Frameworks",
				);
				PRODUCT_BUNDLE_IDENTIFIER = jbapp.voyageOfElon;
				PRODUCT_NAME = "$(TARGET_NAME)";
				SWIFT_VERSION = 5.0;
				TARGETED_DEVICE_FAMILY = 1;
			};
			name = Release;
		};
/* End XCBuildConfiguration section */

/* Begin XCConfigurationList section */
		694A8BC626EFBAC400B57352 /* Build configuration list for PBXProject "voyageOfElon" */ = {
			isa = XCConfigurationList;
			buildConfigurations = (
				694A8BDD26EFBAC700B57352 /* Debug */,
				694A8BDE26EFBAC700B57352 /* Release */,
			);
			defaultConfigurationIsVisible = 0;
			defaultConfigurationName = Release;
		};
		694A8BDF26EFBAC700B57352 /* Build configuration list for PBXNativeTarget "voyageOfElon" */ = {
			isa = XCConfigurationList;
			buildConfigurations = (
				694A8BE026EFBAC700B57352 /* Debug */,
				694A8BE126EFBAC700B57352 /* Release */,
			);
			defaultConfigurationIsVisible = 0;
			defaultConfigurationName = Release;
		};
/* End XCConfigurationList section */

/* Begin XCRemoteSwiftPackageReference section */
		694A8BE826EFC23300B57352 /* XCRemoteSwiftPackageReference "Alamofire" */ = {
			isa = XCRemoteSwiftPackageReference;
			repositoryURL = "https://github.com/Alamofire/Alamofire.git";
			requirement = {
				kind = upToNextMajorVersion;
				minimumVersion = 5.4.3;
			};
		};
		69B6975926F127BF0007BE9D /* XCRemoteSwiftPackageReference "AlamofireImage" */ = {
			isa = XCRemoteSwiftPackageReference;
			repositoryURL = "https://github.com/Alamofire/AlamofireImage.git";
			requirement = {
				kind = upToNextMajorVersion;
				minimumVersion = 4.2.0;
			};
		};
/* End XCRemoteSwiftPackageReference section */

/* Begin XCSwiftPackageProductDependency section */
		694A8BE926EFC23300B57352 /* Alamofire */ = {
			isa = XCSwiftPackageProductDependency;
			package = 694A8BE826EFC23300B57352 /* XCRemoteSwiftPackageReference "Alamofire" */;
			productName = Alamofire;
		};
		69B6975A26F127BF0007BE9D /* AlamofireImage */ = {
			isa = XCSwiftPackageProductDependency;
			package = 69B6975926F127BF0007BE9D /* XCRemoteSwiftPackageReference "AlamofireImage" */;
			productName = AlamofireImage;
		};
/* End XCSwiftPackageProductDependency section */
	};
	rootObject = 694A8BC326EFBAC400B57352 /* Project object */;
}
